// !$*UTF8*$!
{
	archiveVersion = 1;
	classes = {
	};
	objectVersion = 46;
	objects = {

/* Begin PBXBuildFile section */
		D32B16E2198A023C009EDA80 /* UIKit.framework in Frameworks */ = {isa = PBXBuildFile; fileRef = D32B16E1198A023C009EDA80 /* UIKit.framework */; };
		D32B16E4198A023C009EDA80 /* Foundation.framework in Frameworks */ = {isa = PBXBuildFile; fileRef = D32B16E3198A023C009EDA80 /* Foundation.framework */; };
		D32B16E6198A023C009EDA80 /* CoreGraphics.framework in Frameworks */ = {isa = PBXBuildFile; fileRef = D32B16E5198A023C009EDA80 /* CoreGraphics.framework */; };
		D32B16EC198A023C009EDA80 /* InfoPlist.strings in Resources */ = {isa = PBXBuildFile; fileRef = D32B16EA198A023C009EDA80 /* InfoPlist.strings */; };
		D32B16EE198A023C009EDA80 /* main.m in Sources */ = {isa = PBXBuildFile; fileRef = D32B16ED198A023C009EDA80 /* main.m */; };
		D32B16F2198A023C009EDA80 /* BNAppDelegate.m in Sources */ = {isa = PBXBuildFile; fileRef = D32B16F1198A023C009EDA80 /* BNAppDelegate.m */; };
		D32B16F4198A023C009EDA80 /* Default.png in Resources */ = {isa = PBXBuildFile; fileRef = D32B16F3198A023C009EDA80 /* Default.png */; };
		D32B16F6198A023C009EDA80 /* Default@2x.png in Resources */ = {isa = PBXBuildFile; fileRef = D32B16F5198A023C009EDA80 /* Default@2x.png */; };
		D32B16F8198A023C009EDA80 /* Default-568h@2x.png in Resources */ = {isa = PBXBuildFile; fileRef = D32B16F7198A023C009EDA80 /* Default-568h@2x.png */; };
		D32B16FB198A023C009EDA80 /* BNViewController.m in Sources */ = {isa = PBXBuildFile; fileRef = D32B16FA198A023C009EDA80 /* BNViewController.m */; };
		D32B16FE198A023C009EDA80 /* BNViewController.xib in Resources */ = {isa = PBXBuildFile; fileRef = D32B16FC198A023C009EDA80 /* BNViewController.xib */; };
		D32B170A198A0409009EDA80 /* BName.m in Sources */ = {isa = PBXBuildFile; fileRef = D32B1709198A0409009EDA80 /* BName.m */; };
		D32B170F198A10D2009EDA80 /* faq.png in Resources */ = {isa = PBXBuildFile; fileRef = D32B170B198A10D2009EDA80 /* faq.png */; };
		D32B1710198A10D2009EDA80 /* lessons.png in Resources */ = {isa = PBXBuildFile; fileRef = D32B170C198A10D2009EDA80 /* lessons.png */; };
		D32B1711198A10D2009EDA80 /* art_arrow_left.png in Resources */ = {isa = PBXBuildFile; fileRef = D32B170D198A10D2009EDA80 /* art_arrow_left.png */; };
		D32B1712198A10D2009EDA80 /* art_arrow_right.png in Resources */ = {isa = PBXBuildFile; fileRef = D32B170E198A10D2009EDA80 /* art_arrow_right.png */; };
		D38350131990749B008E4D2A /* BNDetailedViewController.m in Sources */ = {isa = PBXBuildFile; fileRef = D38350111990749B008E4D2A /* BNDetailedViewController.m */; };
		D38350141990749B008E4D2A /* BNDetailedViewController.xib in Resources */ = {isa = PBXBuildFile; fileRef = D38350121990749B008E4D2A /* BNDetailedViewController.xib */; };
/* End PBXBuildFile section */

/* Begin PBXFileReference section */
		D32B16DE198A023C009EDA80 /* BabyNames.app */ = {isa = PBXFileReference; explicitFileType = wrapper.application; includeInIndex = 0; path = BabyNames.app; sourceTree = BUILT_PRODUCTS_DIR; };
		D32B16E1198A023C009EDA80 /* UIKit.framework */ = {isa = PBXFileReference; lastKnownFileType = wrapper.framework; name = UIKit.framework; path = System/Library/Frameworks/UIKit.framework; sourceTree = SDKROOT; };
		D32B16E3198A023C009EDA80 /* Foundation.framework */ = {isa = PBXFileReference; lastKnownFileType = wrapper.framework; name = Foundation.framework; path = System/Library/Frameworks/Foundation.framework; sourceTree = SDKROOT; };
		D32B16E5198A023C009EDA80 /* CoreGraphics.framework */ = {isa = PBXFileReference; lastKnownFileType = wrapper.framework; name = CoreGraphics.framework; path = System/Library/Frameworks/CoreGraphics.framework; sourceTree = SDKROOT; };
		D32B16E9198A023C009EDA80 /* BabyNames-Info.plist */ = {isa = PBXFileReference; lastKnownFileType = text.plist.xml; path = "BabyNames-Info.plist"; sourceTree = "<group>"; };
		D32B16EB198A023C009EDA80 /* en */ = {isa = PBXFileReference; lastKnownFileType = text.plist.strings; name = en; path = en.lproj/InfoPlist.strings; sourceTree = "<group>"; };
		D32B16ED198A023C009EDA80 /* main.m */ = {isa = PBXFileReference; lastKnownFileType = sourcecode.c.objc; path = main.m; sourceTree = "<group>"; };
		D32B16EF198A023C009EDA80 /* BabyNames-Prefix.pch */ = {isa = PBXFileReference; lastKnownFileType = sourcecode.c.h; path = "BabyNames-Prefix.pch"; sourceTree = "<group>"; };
		D32B16F0198A023C009EDA80 /* BNAppDelegate.h */ = {isa = PBXFileReference; lastKnownFileType = sourcecode.c.h; name = BNAppDelegate.h; path = BabyNames/BNAppDelegate.h; sourceTree = "<group>"; };
		D32B16F1198A023C009EDA80 /* BNAppDelegate.m */ = {isa = PBXFileReference; lastKnownFileType = sourcecode.c.objc; name = BNAppDelegate.m; path = BabyNames/BNAppDelegate.m; sourceTree = "<group>"; };
		D32B16F3198A023C009EDA80 /* Default.png */ = {isa = PBXFileReference; lastKnownFileType = image.png; path = Default.png; sourceTree = "<group>"; };
		D32B16F5198A023C009EDA80 /* Default@2x.png */ = {isa = PBXFileReference; lastKnownFileType = image.png; path = "Default@2x.png"; sourceTree = "<group>"; };
		D32B16F7198A023C009EDA80 /* Default-568h@2x.png */ = {isa = PBXFileReference; lastKnownFileType = image.png; path = "Default-568h@2x.png"; sourceTree = "<group>"; };
		D32B16F9198A023C009EDA80 /* BNViewController.h */ = {isa = PBXFileReference; lastKnownFileType = sourcecode.c.h; name = BNViewController.h; path = BabyNames/BNViewController.h; sourceTree = "<group>"; };
		D32B16FA198A023C009EDA80 /* BNViewController.m */ = {isa = PBXFileReference; lastKnownFileType = sourcecode.c.objc; name = BNViewController.m; path = BabyNames/BNViewController.m; sourceTree = "<group>"; };
		D32B16FD198A023C009EDA80 /* en */ = {isa = PBXFileReference; lastKnownFileType = file.xib; name = en; path = en.lproj/BNViewController.xib; sourceTree = "<group>"; };
		D32B1708198A0409009EDA80 /* BName.h */ = {isa = PBXFileReference; fileEncoding = 4; lastKnownFileType = sourcecode.c.h; path = BName.h; sourceTree = "<group>"; };
		D32B1709198A0409009EDA80 /* BName.m */ = {isa = PBXFileReference; fileEncoding = 4; lastKnownFileType = sourcecode.c.objc; path = BName.m; sourceTree = "<group>"; };
		D32B170B198A10D2009EDA80 /* faq.png */ = {isa = PBXFileReference; lastKnownFileType = image.png; name = faq.png; path = ../../SimpleTable/SimpleTable/faq.png; sourceTree = "<group>"; };
		D32B170C198A10D2009EDA80 /* lessons.png */ = {isa = PBXFileReference; lastKnownFileType = image.png; name = lessons.png; path = ../../SimpleTable/SimpleTable/lessons.png; sourceTree = "<group>"; };
		D32B170D198A10D2009EDA80 /* art_arrow_left.png */ = {isa = PBXFileReference; lastKnownFileType = image.png; name = art_arrow_left.png; path = "../../../Man 23-24/Ляйлятуль Кадр. Шанс всей нашей жизни в Рамадан_files/art_arrow_left.png"; sourceTree = "<group>"; };
		D32B170E198A10D2009EDA80 /* art_arrow_right.png */ = {isa = PBXFileReference; lastKnownFileType = image.png; name = art_arrow_right.png; path = "../../../Man 23-24/Ляйлятуль Кадр. Шанс всей нашей жизни в Рамадан_files/art_arrow_right.png"; sourceTree = "<group>"; };
		D38350101990749B008E4D2A /* BNDetailedViewController.h */ = {isa = PBXFileReference; fileEncoding = 4; lastKnownFileType = sourcecode.c.h; path = BNDetailedViewController.h; sourceTree = "<group>"; };
		D38350111990749B008E4D2A /* BNDetailedViewController.m */ = {isa = PBXFileReference; fileEncoding = 4; lastKnownFileType = sourcecode.c.objc; path = BNDetailedViewController.m; sourceTree = "<group>"; };
		D38350121990749B008E4D2A /* BNDetailedViewController.xib */ = {isa = PBXFileReference; fileEncoding = 4; lastKnownFileType = file.xib; path = BNDetailedViewController.xib; sourceTree = "<group>"; };
/* End PBXFileReference section */

/* Begin PBXFrameworksBuildPhase section */
		D32B16DB198A023C009EDA80 /* Frameworks */ = {
			isa = PBXFrameworksBuildPhase;
			buildActionMask = 2147483647;
			files = (
				D32B16E2198A023C009EDA80 /* UIKit.framework in Frameworks */,
				D32B16E4198A023C009EDA80 /* Foundation.framework in Frameworks */,
				D32B16E6198A023C009EDA80 /* CoreGraphics.framework in Frameworks */,
			);
			runOnlyForDeploymentPostprocessing = 0;
		};
/* End PBXFrameworksBuildPhase section */

/* Begin PBXGroup section */
		D32B16D5198A023C009EDA80 = {
			isa = PBXGroup;
			children = (
				D32B1704198A0290009EDA80 /* Models */,
				D32B1705198A02A3009EDA80 /* App Controllers */,
				D32B1706198A02B7009EDA80 /* View Controllers */,
				D32B1707198A02C1009EDA80 /* Views */,
				D32B16E7198A023C009EDA80 /* BabyNames */,
				D32B16E0198A023C009EDA80 /* Frameworks */,
				D32B16DF198A023C009EDA80 /* Products */,
			);
			sourceTree = "<group>";
		};
		D32B16DF198A023C009EDA80 /* Products */ = {
			isa = PBXGroup;
			children = (
				D32B16DE198A023C009EDA80 /* BabyNames.app */,
			);
			name = Products;
			sourceTree = "<group>";
		};
		D32B16E0198A023C009EDA80 /* Frameworks */ = {
			isa = PBXGroup;
			children = (
				D32B16E1198A023C009EDA80 /* UIKit.framework */,
				D32B16E3198A023C009EDA80 /* Foundation.framework */,
				D32B16E5198A023C009EDA80 /* CoreGraphics.framework */,
			);
			name = Frameworks;
			sourceTree = "<group>";
		};
		D32B16E7198A023C009EDA80 /* BabyNames */ = {
			isa = PBXGroup;
			children = (
				D32B16E8198A023C009EDA80 /* Supporting Files */,
			);
			path = BabyNames;
			sourceTree = "<group>";
		};
		D32B16E8198A023C009EDA80 /* Supporting Files */ = {
			isa = PBXGroup;
			children = (
				D32B170B198A10D2009EDA80 /* faq.png */,
				D32B170C198A10D2009EDA80 /* lessons.png */,
				D32B170D198A10D2009EDA80 /* art_arrow_left.png */,
				D32B170E198A10D2009EDA80 /* art_arrow_right.png */,
				D32B16E9198A023C009EDA80 /* BabyNames-Info.plist */,
				D32B16EA198A023C009EDA80 /* InfoPlist.strings */,
				D32B16ED198A023C009EDA80 /* main.m */,
				D32B16EF198A023C009EDA80 /* BabyNames-Prefix.pch */,
				D32B16F3198A023C009EDA80 /* Default.png */,
				D32B16F5198A023C009EDA80 /* Default@2x.png */,
				D32B16F7198A023C009EDA80 /* Default-568h@2x.png */,
			);
			name = "Supporting Files";
			sourceTree = "<group>";
		};
		D32B1704198A0290009EDA80 /* Models */ = {
			isa = PBXGroup;
			children = (
				D32B1708198A0409009EDA80 /* BName.h */,
				D32B1709198A0409009EDA80 /* BName.m */,
				D38350101990749B008E4D2A /* BNDetailedViewController.h */,
				D38350111990749B008E4D2A /* BNDetailedViewController.m */,
				D38350121990749B008E4D2A /* BNDetailedViewController.xib */,
			);
			name = Models;
			sourceTree = "<group>";
		};
		D32B1705198A02A3009EDA80 /* App Controllers */ = {
			isa = PBXGroup;
			children = (
				D32B16F0198A023C009EDA80 /* BNAppDelegate.h */,
				D32B16F1198A023C009EDA80 /* BNAppDelegate.m */,
			);
			name = "App Controllers";
			sourceTree = "<group>";
		};
		D32B1706198A02B7009EDA80 /* View Controllers */ = {
			isa = PBXGroup;
			children = (
				D32B16F9198A023C009EDA80 /* BNViewController.h */,
				D32B16FA198A023C009EDA80 /* BNViewController.m */,
			);
			name = "View Controllers";
			sourceTree = "<group>";
		};
		D32B1707198A02C1009EDA80 /* Views */ = {
			isa = PBXGroup;
			children = (
				D32B16FC198A023C009EDA80 /* BNViewController.xib */,
			);
			name = Views;
			sourceTree = "<group>";
		};
/* End PBXGroup section */

/* Begin PBXNativeTarget section */
		D32B16DD198A023C009EDA80 /* BabyNames */ = {
			isa = PBXNativeTarget;
			buildConfigurationList = D32B1701198A023C009EDA80 /* Build configuration list for PBXNativeTarget "BabyNames" */;
			buildPhases = (
				D32B16DA198A023C009EDA80 /* Sources */,
				D32B16DB198A023C009EDA80 /* Frameworks */,
				D32B16DC198A023C009EDA80 /* Resources */,
			);
			buildRules = (
			);
			dependencies = (
			);
			name = BabyNames;
			productName = BabyNames;
			productReference = D32B16DE198A023C009EDA80 /* BabyNames.app */;
			productType = "com.apple.product-type.application";
		};
/* End PBXNativeTarget section */

/* Begin PBXProject section */
		D32B16D6198A023C009EDA80 /* Project object */ = {
			isa = PBXProject;
			attributes = {
				CLASSPREFIX = BN;
				LastUpgradeCheck = 0460;
				ORGANIZATIONNAME = spirit;
			};
			buildConfigurationList = D32B16D9198A023C009EDA80 /* Build configuration list for PBXProject "BabyNames" */;
			compatibilityVersion = "Xcode 3.2";
			developmentRegion = English;
			hasScannedForEncodings = 0;
			knownRegions = (
				en,
			);
			mainGroup = D32B16D5198A023C009EDA80;
			productRefGroup = D32B16DF198A023C009EDA80 /* Products */;
			projectDirPath = "";
			projectRoot = "";
			targets = (
				D32B16DD198A023C009EDA80 /* BabyNames */,
			);
		};
/* End PBXProject section */

/* Begin PBXResourcesBuildPhase section */
		D32B16DC198A023C009EDA80 /* Resources */ = {
			isa = PBXResourcesBuildPhase;
			buildActionMask = 2147483647;
			files = (
				D32B16EC198A023C009EDA80 /* InfoPlist.strings in Resources */,
				D32B16F4198A023C009EDA80 /* Default.png in Resources */,
				D32B16F6198A023C009EDA80 /* Default@2x.png in Resources */,
				D32B16F8198A023C009EDA80 /* Default-568h@2x.png in Resources */,
				D32B16FE198A023C009EDA80 /* BNViewController.xib in Resources */,
				D32B170F198A10D2009EDA80 /* faq.png in Resources */,
				D32B1710198A10D2009EDA80 /* lessons.png in Resources */,
				D32B1711198A10D2009EDA80 /* art_arrow_left.png in Resources */,
				D32B1712198A10D2009EDA80 /* art_arrow_right.png in Resources */,
				D38350141990749B008E4D2A /* BNDetailedViewController.xib in Resources */,
			);
			runOnlyForDeploymentPostprocessing = 0;
		};
/* End PBXResourcesBuildPhase section */

/* Begin PBXSourcesBuildPhase section */
		D32B16DA198A023C009EDA80 /* Sources */ = {
			isa = PBXSourcesBuildPhase;
			buildActionMask = 2147483647;
			files = (
				D32B16EE198A023C009EDA80 /* main.m in Sources */,
				D32B16F2198A023C009EDA80 /* BNAppDelegate.m in Sources */,
				D32B16FB198A023C009EDA80 /* BNViewController.m in Sources */,
				D32B170A198A0409009EDA80 /* BName.m in Sources */,
				D38350131990749B008E4D2A /* BNDetailedViewController.m in Sources */,
			);
			runOnlyForDeploymentPostprocessing = 0;
		};
/* End PBXSourcesBuildPhase section */

/* Begin PBXVariantGroup section */
		D32B16EA198A023C009EDA80 /* InfoPlist.strings */ = {
			isa = PBXVariantGroup;
			children = (
				D32B16EB198A023C009EDA80 /* en */,
			);
			name = InfoPlist.strings;
			sourceTree = "<group>";
		};
		D32B16FC198A023C009EDA80 /* BNViewController.xib */ = {
			isa = PBXVariantGroup;
			children = (
				D32B16FD198A023C009EDA80 /* en */,
			);
			name = BNViewController.xib;
			path = BabyNames;
			sourceTree = "<group>";
		};
/* End PBXVariantGroup section */

/* Begin XCBuildConfiguration section */
		D32B16FF198A023C009EDA80 /* Debug */ = {
			isa = XCBuildConfiguration;
			buildSettings = {
				ALWAYS_SEARCH_USER_PATHS = NO;
				CLANG_CXX_LANGUAGE_STANDARD = "gnu++0x";
				CLANG_CXX_LIBRARY = "libc++";
				CLANG_ENABLE_OBJC_ARC = YES;
				CLANG_WARN_CONSTANT_CONVERSION = YES;
				CLANG_WARN_EMPTY_BODY = YES;
				CLANG_WARN_ENUM_CONVERSION = YES;
				CLANG_WARN_INT_CONVERSION = YES;
				CLANG_WARN__DUPLICATE_METHOD_MATCH = YES;
				"CODE_SIGN_IDENTITY[sdk=iphoneos*]" = "iPhone Developer";
				COPY_PHASE_STRIP = NO;
				GCC_C_LANGUAGE_STANDARD = gnu99;
				GCC_DYNAMIC_NO_PIC = NO;
				GCC_OPTIMIZATION_LEVEL = 0;
				GCC_PREPROCESSOR_DEFINITIONS = (
					"DEBUG=1",
					"$(inherited)",
				);
				GCC_SYMBOLS_PRIVATE_EXTERN = NO;
				GCC_WARN_ABOUT_RETURN_TYPE = YES;
				GCC_WARN_UNINITIALIZED_AUTOS = YES;
				GCC_WARN_UNUSED_VARIABLE = YES;
				IPHONEOS_DEPLOYMENT_TARGET = 6.1;
				ONLY_ACTIVE_ARCH = YES;
				SDKROOT = iphoneos;
			};
			name = Debug;
		};
		D32B1700198A023C009EDA80 /* Release */ = {
			isa = XCBuildConfiguration;
			buildSettings = {
				ALWAYS_SEARCH_USER_PATHS = NO;
				CLANG_CXX_LANGUAGE_STANDARD = "gnu++0x";
				CLANG_CXX_LIBRARY = "libc++";
				CLANG_ENABLE_OBJC_ARC = YES;
				CLANG_WARN_CONSTANT_CONVERSION = YES;
				CLANG_WARN_EMPTY_BODY = YES;
				CLANG_WARN_ENUM_CONVERSION = YES;
				CLANG_WARN_INT_CONVERSION = YES;
				CLANG_WARN__DUPLICATE_METHOD_MATCH = YES;
				"CODE_SIGN_IDENTITY[sdk=iphoneos*]" = "iPhone Developer";
				COPY_PHASE_STRIP = YES;
				GCC_C_LANGUAGE_STANDARD = gnu99;
				GCC_WARN_ABOUT_RETURN_TYPE = YES;
				GCC_WARN_UNINITIALIZED_AUTOS = YES;
				GCC_WARN_UNUSED_VARIABLE = YES;
				IPHONEOS_DEPLOYMENT_TARGET = 6.1;
				OTHER_CFLAGS = "-DNS_BLOCK_ASSERTIONS=1";
				SDKROOT = iphoneos;
				VALIDATE_PRODUCT = YES;
			};
			name = Release;
		};
		D32B1702198A023C009EDA80 /* Debug */ = {
			isa = XCBuildConfiguration;
			buildSettings = {
				GCC_PRECOMPILE_PREFIX_HEADER = YES;
				GCC_PREFIX_HEADER = "BabyNames/BabyNames-Prefix.pch";
				INFOPLIST_FILE = "BabyNames/BabyNames-Info.plist";
				PRODUCT_NAME = "$(TARGET_NAME)";
				WRAPPER_EXTENSION = app;
			};
			name = Debug;
		};
		D32B1703198A023C009EDA80 /* Release */ = {
			isa = XCBuildConfiguration;
			buildSettings = {
				GCC_PRECOMPILE_PREFIX_HEADER = YES;
				GCC_PREFIX_HEADER = "BabyNames/BabyNames-Prefix.pch";
				INFOPLIST_FILE = "BabyNames/BabyNames-Info.plist";
				PRODUCT_NAME = "$(TARGET_NAME)";
				WRAPPER_EXTENSION = app;
			};
			name = Release;
		};
/* End XCBuildConfiguration section */

/* Begin XCConfigurationList section */
		D32B16D9198A023C009EDA80 /* Build configuration list for PBXProject "BabyNames" */ = {
			isa = XCConfigurationList;
			buildConfigurations = (
				D32B16FF198A023C009EDA80 /* Debug */,
				D32B1700198A023C009EDA80 /* Release */,
			);
			defaultConfigurationIsVisible = 0;
			defaultConfigurationName = Release;
		};
		D32B1701198A023C009EDA80 /* Build configuration list for PBXNativeTarget "BabyNames" */ = {
			isa = XCConfigurationList;
			buildConfigurations = (
				D32B1702198A023C009EDA80 /* Debug */,
				D32B1703198A023C009EDA80 /* Release */,
			);
			defaultConfigurationIsVisible = 0;
			defaultConfigurationName = Release;
		};
/* End XCConfigurationList section */
	};
	rootObject = D32B16D6198A023C009EDA80 /* Project object */;
}
